
Microsoft Visual Studio Solution File, Format Version 12.00
# Visual Studio 2012
Project("{FAE04EC0-301F-11D3-BF4B-00C04F79EFBC}") = "2001160260_LeDangKien_07dhth5_BTVN", "2001160260_LeDangKien_07dhth5_BTVN\2001160260_LeDangKien_07dhth5_BTVN.csproj", "{A6C3A8BF-FFB8-47CA-895D-8BC219C54D96}"
EndProject
Global
	GlobalSection(SolutionConfigurationPlatforms) = preSolution
		Debug|Any CPU = Debug|Any CPU
		Release|Any CPU = Release|Any CPU
	EndGlobalSection
	GlobalSection(ProjectConfigurationPlatforms) = postSolution
		{A6C3A8BF-FFB8-47CA-895D-8BC219C54D96}.Debug|Any CPU.ActiveCfg = Debug|Any CPU
		{A6C3A8BF-FFB8-47CA-895D-8BC219C54D96}.Debug|Any CPU.Build.0 = Debug|Any CPU
		{A6C3A8BF-FFB8-47CA-895D-8BC219C54D96}.Release|Any CPU.ActiveCfg = Release|Any CPU
		{A6C3A8BF-FFB8-47CA-895D-8BC219C54D96}.Release|Any CPU.Build.0 = Release|Any CPU
	EndGlobalSection
	GlobalSection(SolutionProperties) = preSolution
		HideSolutionNode = FALSE
	EndGlobalSection
EndGlobal
